schema: '2.0'
stages:
  create_data:
    cmd: python3 src/create_dataset.py
    deps:
    - path: src/create_dataset.py
      md5: 7dc31cb76dc96705e6fa38cbb17579a7
      size: 802
    outs:
    - path: assets/data
      md5: 3f0fa09a31c84616c378edf2fdbd1c44.dir
      size: 76739992
      nfiles: 2
  create_features:
    cmd: python3 src/create_features.py
    deps:
    - path: src/create_features.py
      md5: 04f79ad10fa49dbac86ee15ecd730040
      size: 633
    outs:
    - path: assets/features
      md5: 68bdd992a34203298b4c438c8bc6fc2b.dir
      size: 76739992
      nfiles: 4
  train:
    cmd: python3 src/train.py
    deps:
    - path: assets/features
      md5: 68bdd992a34203298b4c438c8bc6fc2b.dir
      size: 76739992
      nfiles: 4
    - path: src/train.py
      md5: 5ef4be483d04862b2e6013a90e9c6d3b
      size: 992
    outs:
    - path: assets/models
      md5: f5bd32bad271eda7df7544df4139d601.dir
      size: 6427543
      nfiles: 1
  evaluate:
    cmd: python3 src/evaluate.py
    deps:
    - path: assets/features
      md5: 68bdd992a34203298b4c438c8bc6fc2b.dir
      size: 76739992
      nfiles: 4
    - path: assets/models
      md5: f5bd32bad271eda7df7544df4139d601.dir
      size: 6427543
      nfiles: 1
    - path: src/evaluate.py
      md5: e672ed6c6f8dae5cfd521a745855a9e0
      size: 865
    outs:
    - path: assets/metrics.json
      md5: 82acd2b108f11e2a0790b318c9652576
      size: 113
