schema: '2.0'
stages:
  create_data:
    cmd: python3 src/create_dataset.py
    deps:
    - path: src/create_dataset.py
      md5: 51bc85cc1b3d6968d755d39b58c5ed12
      size: 724
    outs:
    - path: assets/data
      md5: 70823c34cea1000d50ad199a8e669654.dir
      size: 76739992
      nfiles: 2
  create_features:
    cmd: python3 src/create_features.py
    deps:
    - path: src/create_features.py
      md5: 04f79ad10fa49dbac86ee15ecd730040
      size: 633
    outs:
    - path: assets/features
      md5: 68bdd992a34203298b4c438c8bc6fc2b.dir
      size: 76739992
      nfiles: 4
  train:
    cmd: python3 src/train.py
    deps:
    - path: assets/features
      md5: 68bdd992a34203298b4c438c8bc6fc2b.dir
      size: 76739992
      nfiles: 4
    - path: src/train.py
      md5: 5771c91b209f16a70b9961fabedae5e7
      size: 654
    outs:
    - path: assets/models
      md5: e0bd747e3c0d1a6963201172e50ad222.dir
      size: 67478
      nfiles: 1
  evaluate:
    cmd: python3 src/evaluate.py
    deps:
    - path: assets/features
      md5: 68bdd992a34203298b4c438c8bc6fc2b.dir
      size: 76739992
      nfiles: 4
    - path: assets/models
      md5: e0bd747e3c0d1a6963201172e50ad222.dir
      size: 67478
      nfiles: 1
    - path: src/evaluate.py
      md5: db3fd094d85bf5f51808ac7def50dc58
      size: 637
    outs:
    - path: assets/metrics.json
      md5: 738414006fd7dc7e1d8efef624ae0a18
      size: 58
